<Solution>
  <Folder Name="/tests/">
    <Project Path="tests/FreeX.App.Localization.Tests/FreeX.App.Localization.Tests.csproj" />
    <Project Path="tests/FreeX.Core.Model.Tests/FreeX.Core.Model.Tests.csproj" />
    <Project Path="tests/FreeX.Integration.Tests/FreeX.Integration.Tests.csproj" />
    <Project Path="tests/FreeX.ParityCompare.Tests/FreeX.ParityCompare.Tests.csproj" />
    <Project Path="tests/Free.Shared.Pdf.Tests/Free.Shared.Pdf.Tests.csproj" />
    <Project Path="tests/Free.Shared.Ribbon.Tests/Free.Shared.Ribbon.Tests.csproj" />
    <Project Path="tests/Free.Shared.Shell.Avalonia.Tests/Free.Shared.Shell.Avalonia.Tests.csproj" />
    <Project Path="tests/Free.Shared.Theme.Tests/Free.Shared.Theme.Tests.csproj" />
    <Project Path="freep/FreeP.App.Localization.Tests/FreeP.App.Localization.Tests.csproj" />
    <Project Path="freep/FreeP.App.Recording.Tests/FreeP.App.Recording.Tests.csproj" />
    <Project Path="freep/FreeP.Ribbon.Definitions.Tests/FreeP.Ribbon.Definitions.Tests.csproj" />
  </Folder>
</Solution>
