<Solution>
  <Folder Name="/shared/">
    <Project Path="shared/Free.Shared.AppServices/Free.Shared.AppServices.csproj" />
    <Project Path="shared/Free.Shared.Commands/Free.Shared.Commands.csproj" />
    <Project Path="shared/Free.Shared.Drawing/Free.Shared.Drawing.csproj" />
    <Project Path="shared/Free.Shared.IO/Free.Shared.IO.csproj" />
    <Project Path="shared/Free.Shared.Localization/Free.Shared.Localization.csproj" />
    <Project Path="shared/Free.Shared.Ribbon/Free.Shared.Ribbon.csproj" />
    <Project Path="shared/Free.Shared.Ribbon.Wpf/Free.Shared.Ribbon.Wpf.csproj" />
    <Project Path="shared/Free.Shared.Shell/Free.Shared.Shell.csproj" />
    <Project Path="shared/Free.Shared.Shell.Avalonia/Free.Shared.Shell.Avalonia.csproj" />
    <Project Path="shared/Free.Shared.Shell.Wpf/Free.Shared.Shell.Wpf.csproj" />
    <Project Path="shared/Free.Shared.TextSearch/Free.Shared.TextSearch.csproj" />
  </Folder>
  <Folder Name="/freep/">
    <Project Path="freep/FreeP.Core.Model/FreeP.Core.Model.csproj" />
    <Project Path="freep/FreeP.Core.IO/FreeP.Core.IO.csproj" />
    <Project Path="freep/FreeP.App.Localization/FreeP.App.Localization.csproj" />
    <Project Path="freep/FreeP.App.Localization.Tests/FreeP.App.Localization.Tests.csproj" />
    <Project Path="freep/FreeP.App.Presentation/FreeP.App.Presentation.csproj" />
    <Project Path="freep/TestSupport/VisualEvidence/FreeP.VisualEvidence.csproj" />
    <Project Path="freep/FreeP.App.Ole.Windows/FreeP.App.Ole.Windows.csproj" />
    <Project Path="freep/FreeP.App.Recording/FreeP.App.Recording.csproj" />
    <Project Path="freep/FreeP.App.Recording.Windows/FreeP.App.Recording.Windows.csproj" />
    <Project Path="freep/FreeP.App.Media/FreeP.App.Media.csproj" />
    <Project Path="freep/FreeP.Ribbon.Definitions/FreeP.Ribbon.Definitions.csproj" />
    <Project Path="freep/FreeP.Ribbon.Definitions.Tests/FreeP.Ribbon.Definitions.Tests.csproj" />
    <Project Path="freep/FreeP.App.Rendering.Wpf/FreeP.App.Rendering.Wpf.csproj" />
    <Project Path="freep/FreeP.App.Rendering.Avalonia/FreeP.App.Rendering.Avalonia.csproj" />
    <Project Path="freep/FreeP.App.Rendering.Avalonia.Tests/FreeP.App.Rendering.Avalonia.Tests.csproj" />
    <Project Path="freep/FreeP.App.Host/FreeP.App.Host.csproj" />
    <Project Path="freep/FreeP.App.Host.Tests/FreeP.App.Host.Tests.csproj" />
    <Project Path="freep/FreeP.App.Presentation.Tests/FreeP.App.Presentation.Tests.csproj" />
    <Project Path="freep/FreeP.App.Recording.Tests/FreeP.App.Recording.Tests.csproj" />
    <Project Path="freep/FreeP.App.Avalonia/FreeP.App.Avalonia.csproj" />
    <Project Path="freep/FreeP.App.Avalonia.Tests/FreeP.App.Avalonia.Tests.csproj" />
  </Folder>
  <Folder Name="/tools/">
    <Project Path="tools/FreeP.KeyboardContextEvidence/FreeP.KeyboardContextEvidence.csproj" />
    <Project Path="tools/FreeP.RandomTransitionEvidence/FreeP.RandomTransitionEvidence.csproj" />
    <Project Path="tools/FreeP.MediaRuntimeProbe/FreeP.MediaRuntimeProbe.csproj" />
    <Project Path="tools/FreeP.GenerateFixtures/FreeP.GenerateFixtures.csproj" />
    <Project Path="tools/FreeP.RenderCompare/FreeP.RenderCompare.csproj" />
    <Project Path="tools/FreeP.RenderCompare.Tests/FreeP.RenderCompare.Tests.csproj" />
    <Project Path="tools/FreeP.RenderSlideshowMediaParityEvidence/FreeP.RenderSlideshowMediaParityEvidence.csproj" />
  </Folder>
</Solution>
