<Solution>
  <Folder Name="/shared/">
    <Project Path="shared/Free.Shared.AppServices/Free.Shared.AppServices.csproj" />
    <Project Path="shared/Free.Shared.AppServices.Windows/Free.Shared.AppServices.Windows.csproj" />
    <Project Path="shared/Free.Shared.Commands/Free.Shared.Commands.csproj" />
    <Project Path="shared/Free.Shared.Drawing/Free.Shared.Drawing.csproj" />
    <Project Path="shared/Free.Shared.IO/Free.Shared.IO.csproj" />
    <Project Path="shared/Free.Shared.Localization/Free.Shared.Localization.csproj" />
    <Project Path="shared/Free.Shared.Opc/Free.Shared.Opc.csproj" />
    <Project Path="shared/Free.Shared.Pdf/Free.Shared.Pdf.csproj" />
    <Project Path="shared/Free.Shared.Pdf.Skia/Free.Shared.Pdf.Skia.csproj" />
    <Project Path="shared/Free.Shared.Pdf.Wpf/Free.Shared.Pdf.Wpf.csproj" />
    <Project Path="shared/Free.Shared.Ribbon/Free.Shared.Ribbon.csproj" />
    <Project Path="shared/Free.Shared.Ribbon.Avalonia/Free.Shared.Ribbon.Avalonia.csproj" />
    <Project Path="shared/Free.Shared.Ribbon.Wpf/Free.Shared.Ribbon.Wpf.csproj" />
    <Project Path="shared/Free.Shared.Shell/Free.Shared.Shell.csproj" />
    <Project Path="shared/Free.Shared.Shell.Avalonia/Free.Shared.Shell.Avalonia.csproj" />
    <Project Path="shared/Free.Shared.Shell.Wpf/Free.Shared.Shell.Wpf.csproj" />
    <Project Path="shared/Free.Shared.Theme/Free.Shared.Theme.csproj" />
    <Project Path="shared/Free.Shared.Theme.Wpf/Free.Shared.Theme.Wpf.csproj" />
    <Project Path="shared/Free.Shared.Theme.Avalonia/Free.Shared.Theme.Avalonia.csproj" />
    <Project Path="shared/Free.Shared.TextSearch/Free.Shared.TextSearch.csproj" />
  </Folder>
  <Folder Name="/src/">
    <Project Path="src/FreeX.App.Avalonia/FreeX.App.Avalonia.csproj" />
    <Project Path="src/FreeX.App.Host/FreeX.App.Host.csproj" />
    <Project Path="src/FreeX.App.Localization/FreeX.App.Localization.csproj" />
    <Project Path="src/FreeX.App.Presentation/FreeX.App.Presentation.csproj" />
    <Project Path="src/FreeX.App.Services/FreeX.App.Services.csproj" />
    <Project Path="src/FreeX.App.UI/FreeX.App.UI.csproj" />
    <Project Path="src/FreeX.Core.Calc/FreeX.Core.Calc.csproj" />
    <Project Path="src/FreeX.Core.Commands/FreeX.Core.Commands.csproj" />
    <Project Path="src/FreeX.Core.Formula/FreeX.Core.Formula.csproj" />
    <Project Path="src/FreeX.Core.IO/FreeX.Core.IO.csproj" />
    <Project Path="src/FreeX.Core.Model/FreeX.Core.Model.csproj" />
    <Project Path="src/FreeX.Ribbon.Definitions/FreeX.Ribbon.Definitions.csproj" />
  </Folder>
  <Folder Name="/tests/">
    <Project Path="tests/Free.Shared.AppServices.Tests/Free.Shared.AppServices.Tests.csproj" />
    <Project Path="tests/FreeX.Core.Calc.Tests/FreeX.Core.Calc.Tests.csproj" />
    <Project Path="tests/FreeX.Core.Formula.Tests/FreeX.Core.Formula.Tests.csproj" />
    <Project Path="tests/FreeX.Core.IO.Tests/FreeX.Core.IO.Tests.csproj" />
    <Project Path="tests/FreeX.Core.Model.Tests/FreeX.Core.Model.Tests.csproj" />
    <Project Path="tests/FreeX.App.Avalonia.Tests/FreeX.App.Avalonia.Tests.csproj" />
    <Project Path="tests/FreeX.App.Avalonia.CaptureTests/FreeX.App.Avalonia.CaptureTests.csproj" />
    <Project Path="tests/FreeX.App.Avalonia.CaptureTests/FreeX.App.Avalonia.CaptureTests.Batch2.csproj" />
    <Project Path="tests/FreeX.App.Avalonia.CaptureTests/FreeX.App.Avalonia.CaptureTests.Batch3.csproj" />
    <Project Path="tests/FreeX.App.Avalonia.CaptureTests/FreeX.App.Avalonia.CaptureTests.Batch4.csproj" />
    <Project Path="tests/FreeX.App.Avalonia.CaptureTests/FreeX.App.Avalonia.CaptureTests.Batch5.csproj" />
    <Project Path="tests/FreeX.App.Avalonia.CaptureTests/FreeX.App.Avalonia.CaptureTests.Batch6.csproj" />
    <Project Path="tests/FreeX.App.Avalonia.CaptureTests/FreeX.App.Avalonia.CaptureTests.Batch7.csproj" />
    <Project Path="tests/FreeX.App.Presentation.Tests/FreeX.App.Presentation.Tests.csproj" />
    <Project Path="tests/FreeX.App.Services.Tests/FreeX.App.Services.Tests.csproj" />
    <Project Path="tests/FreeX.App.UI.Tests/FreeX.App.UI.Tests.csproj" />
    <Project Path="tests/FreeX.App.Host.Tests/FreeX.App.Host.Tests.csproj" />
    <Project Path="tests/FreeX.App.Host.Tests/FreeX.App.Host.Tests.Batch1.csproj" />
    <Project Path="tests/FreeX.App.Host.Tests/FreeX.App.Host.Tests.Batch2.csproj" />
    <Project Path="tests/FreeX.App.Host.Tests/FreeX.App.Host.Tests.Batch3.csproj" />
    <Project Path="tests/FreeX.App.Host.Tests/FreeX.App.Host.Tests.Batch4.csproj" />
    <Project Path="tests/FreeX.App.Host.Tests/FreeX.App.Host.Tests.Batch5.csproj" />
    <Project Path="tests/FreeX.App.Host.Tests/FreeX.App.Host.Tests.Batch6.csproj" />
    <Project Path="tests/FreeX.App.Host.Tests/FreeX.App.Host.Tests.Batch7.csproj" />
    <Project Path="tests/FreeX.App.Host.Logic.Tests/FreeX.App.Host.Logic.Tests.csproj" />
    <Project Path="tests/FreeX.App.Localization.Tests/FreeX.App.Localization.Tests.csproj" />
    <Project Path="tests/Free.Shared.Ribbon.Tests/Free.Shared.Ribbon.Tests.csproj" />
    <Project Path="tests/Free.Shared.Ribbon.Wpf.Tests/Free.Shared.Ribbon.Wpf.Tests.csproj" />
    <Project Path="tests/Free.Shared.Shell.Wpf.Tests/Free.Shared.Shell.Wpf.Tests.csproj" />
    <Project Path="tests/Free.Shared.Shell.Avalonia.Tests/Free.Shared.Shell.Avalonia.Tests.csproj" />
    <Project Path="tests/Free.Shared.Pdf.Tests/Free.Shared.Pdf.Tests.csproj" />
    <Project Path="tests/Free.Shared.Theme.Tests/Free.Shared.Theme.Tests.csproj" />
    <Project Path="tests/FreeX.Fixtures/FreeX.Fixtures.csproj" />
    <Project Path="tests/FreeX.Integration.Tests/FreeX.Integration.Tests.csproj" />
    <Project Path="tests/FreeX.ParityCompare.Tests/FreeX.ParityCompare.Tests.csproj" />
  </Folder>
  <Folder Name="/freep/">
    <Project Path="freep/FreeP.Core.Model/FreeP.Core.Model.csproj" />
    <Project Path="freep/FreeP.Core.IO/FreeP.Core.IO.csproj" />
    <Project Path="freep/FreeP.Ribbon.Definitions/FreeP.Ribbon.Definitions.csproj" />
    <Project Path="freep/FreeP.Ribbon.Definitions.Tests/FreeP.Ribbon.Definitions.Tests.csproj" />
    <Project Path="freep/FreeP.App.Presentation/FreeP.App.Presentation.csproj" />
    <Project Path="freep/TestSupport/VisualEvidence/FreeP.VisualEvidence.csproj" />
    <Project Path="freep/TestSupport/VisualEvidence.Wpf/FreeP.VisualEvidence.Wpf.csproj" />
    <Project Path="freep/TestSupport/VisualEvidence.Avalonia/FreeP.VisualEvidence.Avalonia.csproj" />
    <Project Path="freep/TestSupport/Validation.Avalonia/FreeP.Validation.Avalonia.csproj" />
    <Project Path="freep/FreeP.App.Presentation.Tests/FreeP.App.Presentation.Tests.csproj" />
    <Project Path="freep/FreeP.App.Localization.Tests/FreeP.App.Localization.Tests.csproj" />
    <Project Path="freep/FreeP.App.Recording.Tests/FreeP.App.Recording.Tests.csproj" />
    <Project Path="freep/FreeP.App.Ole.Windows/FreeP.App.Ole.Windows.csproj" />
    <Project Path="freep/FreeP.App.Recording.Windows/FreeP.App.Recording.Windows.csproj" />
    <Project Path="freep/FreeP.App.Rendering.Wpf/FreeP.App.Rendering.Wpf.csproj" />
    <Project Path="freep/FreeP.App.Rendering.Avalonia/FreeP.App.Rendering.Avalonia.csproj" />
    <Project Path="freep/FreeP.App.Rendering.Avalonia.Tests/FreeP.App.Rendering.Avalonia.Tests.csproj" />
    <Project Path="freep/FreeP.App.Host/FreeP.App.Host.csproj" />
    <Project Path="freep/FreeP.App.Host.Tests/FreeP.App.Host.Tests.csproj" />
    <Project Path="freep/FreeP.App.Avalonia/FreeP.App.Avalonia.csproj" />
    <Project Path="freep/FreeP.App.Avalonia.Tests/FreeP.App.Avalonia.Tests.csproj" />
  </Folder>
  <Folder Name="/tools/">
    <Project Path="tools/FreeX.AppIoBench/FreeX.AppIoBench.csproj" />
    <Project Path="tools/FreeX.ChartFileCompare/FreeX.ChartFileCompare.csproj" />
    <Project Path="tools/FreeX.ChartInteropCompare/FreeX.ChartInteropCompare.csproj" />
    <Project Path="tools/FreeX.ExcelExamplesCharts/FreeX.ExcelExamplesCharts.csproj" />
    <Project Path="tools/FreeX.ExcelOpenSmoke/FreeX.ExcelOpenSmoke.csproj" />
    <Project Path="tools/FreeX.FidelityCompare/FreeX.FidelityCompare.csproj" />
    <Project Path="tools/FreeX.FormatCrossCheck/FreeX.FormatCrossCheck.csproj" />
    <Project Path="tools/FreeX.FormatFidelity/FreeX.FormatFidelity.csproj" />
    <Project Path="tools/FreeX.NumberFormatParity/FreeX.NumberFormatParity.csproj" />
    <Project Path="tools/FreeX.ParityCompare/FreeX.ParityCompare.csproj" />
    <Project Path="tools/FreeX.ParityCompare.Core/FreeX.ParityCompare.Core.csproj" />
    <Project Path="tools/FreeX.ParityCapture.Support/FreeX.ParityCapture.Support.csproj" />
    <Project Path="tools/FreeX.ParityCapture.Avalonia/FreeX.ParityCapture.Avalonia.csproj" />
    <Project Path="tools/FreeX.ParityCapture.Wpf/FreeX.ParityCapture.Wpf.csproj" />
    <Project Path="tools/FreeX.ForegroundCapture/FreeX.ForegroundCapture.csproj" />
    <Project Path="tools/FreeW.RenderCompare/FreeW.RenderCompare.csproj" />
    <Project Path="tools/Free.ToolsShared/Free.ToolsShared.csproj" />
    <Project Path="tools/FreeP.KeyboardContextEvidence/FreeP.KeyboardContextEvidence.csproj" />
    <Project Path="tools/FreeP.RandomTransitionEvidence/FreeP.RandomTransitionEvidence.csproj" />
    <Project Path="tools/FreeW.BackstageParityEvidence/FreeW.BackstageParityEvidence.csproj" />
    <Project Path="tools/FreeP.GenerateFixtures/FreeP.GenerateFixtures.csproj" />
    <Project Path="tools/FreeP.MediaRuntimeProbe/FreeP.MediaRuntimeProbe.csproj" />
    <Project Path="tools/FreeP.RenderCompare/FreeP.RenderCompare.csproj" />
    <Project Path="tools/FreeP.RenderCompare.Tests/FreeP.RenderCompare.Tests.csproj" />
    <Project Path="tools/FreeP.RenderSlideshowMediaParityEvidence/FreeP.RenderSlideshowMediaParityEvidence.csproj" />
    <Project Path="tools/FreeX.SheetFidelity/FreeX.SheetFidelity.csproj" />
    <Project Path="tools/FreeX.SheetGridImageCompare/FreeX.SheetGridImageCompare.csproj" />
    <Project Path="tools/FreeX.SheetImageCompare/FreeX.SheetImageCompare.csproj" />
    <Project Path="tools/FreeX.ToolsShared/FreeX.ToolsShared.csproj" />
    <Project Path="tools/FreeX.ToolsShared.Wpf/FreeX.ToolsShared.Wpf.csproj" />
    <Project Path="tools/FreeX.Validation.Avalonia/FreeX.Validation.Avalonia.csproj" />
    <Project Path="tools/FreeX.Validation.Wpf/FreeX.Validation.Wpf.csproj" />
    <Project Path="tools/FreeX.XlsxPackageDiagnostics/FreeX.XlsxPackageDiagnostics.csproj" />
  </Folder>
</Solution>
