<Solution>
  <Folder Name="/shared/">
    <Project Path="shared/Free.Shared.AppServices/Free.Shared.AppServices.csproj" />
    <Project Path="shared/Free.Shared.Commands/Free.Shared.Commands.csproj" />
    <Project Path="shared/Free.Shared.IO/Free.Shared.IO.csproj" />
    <Project Path="shared/Free.Shared.Localization/Free.Shared.Localization.csproj" />
    <Project Path="shared/Free.Shared.Opc/Free.Shared.Opc.csproj" />
    <Project Path="shared/Free.Shared.PageSetup/Free.Shared.PageSetup.csproj" />
    <Project Path="shared/Free.Shared.Pdf/Free.Shared.Pdf.csproj" />
    <Project Path="shared/Free.Shared.Pdf.Skia/Free.Shared.Pdf.Skia.csproj" />
    <Project Path="shared/Free.Shared.Pdf.Wpf/Free.Shared.Pdf.Wpf.csproj" />
    <Project Path="shared/Free.Shared.Ribbon/Free.Shared.Ribbon.csproj" />
    <Project Path="shared/Free.Shared.Ribbon.Avalonia/Free.Shared.Ribbon.Avalonia.csproj" />
    <Project Path="shared/Free.Shared.Ribbon.Wpf/Free.Shared.Ribbon.Wpf.csproj" />
    <Project Path="shared/Free.Shared.Shell/Free.Shared.Shell.csproj" />
    <Project Path="shared/Free.Shared.Shell.Avalonia/Free.Shared.Shell.Avalonia.csproj" />
    <Project Path="shared/Free.Shared.Shell.Wpf/Free.Shared.Shell.Wpf.csproj" />
    <Project Path="shared/Free.Shared.TextSearch/Free.Shared.TextSearch.csproj" />
  </Folder>
  <Folder Name="/freew/">
    <Project Path="freew/FreeW.Core.Model/FreeW.Core.Model.csproj" />
    <Project Path="freew/FreeW.Core.Model.Tests/FreeW.Core.Model.Tests.csproj" />
    <Project Path="freew/FreeW.Core.IO/FreeW.Core.IO.csproj" />
    <Project Path="freew/FreeW.Core.IO.Tests/FreeW.Core.IO.Tests.csproj" />
    <Project Path="freew/FreeW.App.Presentation/FreeW.App.Presentation.csproj" />
    <Project Path="freew/FreeW.App.Presentation.Tests/FreeW.App.Presentation.Tests.csproj" />
    <Project Path="freew/FreeW.App.Localization/FreeW.App.Localization.csproj" />
    <Project Path="freew/FreeW.App.Localization.Tests/FreeW.App.Localization.Tests.csproj" />
    <Project Path="freew/FreeW.Ribbon.Definitions/FreeW.Ribbon.Definitions.csproj" />
    <Project Path="freew/FreeW.Ribbon.Definitions.Tests/FreeW.Ribbon.Definitions.Tests.csproj" />
    <Project Path="freew/FreeW.App.Host/FreeW.App.Host.csproj" />
    <Project Path="freew/FreeW.App.Host.Tests/FreeW.App.Host.Tests.csproj" />
    <Project Path="freew/FreeW.App.Avalonia/FreeW.App.Avalonia.csproj" />
    <Project Path="freew/TestSupport/Validation.Avalonia/FreeW.Validation.Avalonia.csproj" />
    <Project Path="freew/FreeW.App.Avalonia.Tests/FreeW.App.Avalonia.Tests.csproj" />
    <Project Path="freew/tests/FreeW.VisualEvidence.TestSupport/FreeW.VisualEvidence.TestSupport.csproj" />
    <Project Path="freew/tools/FreeW.FidelityRender/FreeW.FidelityRender.csproj" />
    <Project Path="freew/tools/FreeW.VisualEvidenceSummary/FreeW.VisualEvidenceSummary.csproj" />
    <Project Path="freew/tools/FreeW.DialogVisualHarness/FreeW.DialogVisualHarness.csproj" />
    <Project Path="freew/tools/FreeW.DialogVisualHarness.Wpf/FreeW.DialogVisualHarness.Wpf.csproj" />
    <Project Path="freew/tools/FreeW.DialogVisualHarness.Avalonia/FreeW.DialogVisualHarness.Avalonia.csproj" />
    <Project Path="freew/tools/FreeW.FieldShortcutFixture/FreeW.FieldShortcutFixture.csproj" />
    <Project Path="freew/tools/FreeW.GroupChildPhysicalFixture/FreeW.GroupChildPhysicalFixture.csproj" />
    <Project Path="freew/tools/FreeW.RibbonShot/FreeW.RibbonShot.csproj" />
    <Project Path="freew/tools/FreeW.ShellVisualHarness.Avalonia/FreeW.ShellVisualHarness.Avalonia.csproj" />
    <Project Path="freew/tools/FreeW.PageLayoutShot/FreeW.PageLayoutShot.csproj" />
    <Project Path="freew/tools/FreeW.PdfRasterize/FreeW.PdfRasterize.csproj" />
    <Project Path="freew/tools/_corpus_charts/_corpus_charts.csproj" />
    <Project Path="freew/tools/_corpus_drawing/_corpus_drawing.csproj" />
    <Project Path="freew/tools/_corpus_f2_objects/_corpus_f2_objects.csproj" />
    <Project Path="freew/tools/_corpus_review/FreeW.CorpusReview.csproj" />
    <Project Path="freew/tools/_corpus_tables/_corpus_tables.csproj" />
    <Project Path="freew/tools/_corpus_text/_corpus_text.csproj" />
    <Project Path="tools/FreeW.RenderCompare/FreeW.RenderCompare.csproj" />
    <Project Path="tools/FreeW.BackstageParityEvidence/FreeW.BackstageParityEvidence.csproj" />
  </Folder>
</Solution>
