<Solution>
  <Folder Name="/tests/">
    <Project Path="tests/FreeX.App.Avalonia.Tests/FreeX.App.Avalonia.Tests.csproj" />
    <Project Path="tests/FreeX.App.Avalonia.CaptureTests/FreeX.App.Avalonia.CaptureTests.csproj" />
    <Project Path="tests/FreeX.App.Avalonia.CaptureTests/FreeX.App.Avalonia.CaptureTests.Batch2.csproj" />
    <Project Path="tests/FreeX.App.Avalonia.CaptureTests/FreeX.App.Avalonia.CaptureTests.Batch3.csproj" />
    <Project Path="tests/FreeX.App.Avalonia.CaptureTests/FreeX.App.Avalonia.CaptureTests.Batch4.csproj" />
    <Project Path="tests/FreeX.App.Avalonia.CaptureTests/FreeX.App.Avalonia.CaptureTests.Batch5.csproj" />
    <Project Path="tests/FreeX.App.Avalonia.CaptureTests/FreeX.App.Avalonia.CaptureTests.Batch6.csproj" />
    <Project Path="tests/FreeX.App.Presentation.Tests/FreeX.App.Presentation.Tests.csproj" />
    <Project Path="tests/FreeX.App.Host.Logic.Tests/FreeX.App.Host.Logic.Tests.csproj" />
    <Project Path="tests/FreeX.App.Services.Tests/FreeX.App.Services.Tests.csproj" />
    <Project Path="tests/FreeX.App.Localization.Tests/FreeX.App.Localization.Tests.csproj" />
    <Project Path="tests/FreeX.Core.Calc.Tests/FreeX.Core.Calc.Tests.csproj" />
    <Project Path="tests/FreeX.Core.Formula.Tests/FreeX.Core.Formula.Tests.csproj" />
    <Project Path="tests/FreeX.Core.IO.Tests/FreeX.Core.IO.Tests.csproj" />
    <Project Path="tests/FreeX.Core.Model.Tests/FreeX.Core.Model.Tests.csproj" />
    <Project Path="tests/FreeX.Fixtures/FreeX.Fixtures.csproj" />
    <Project Path="tests/FreeX.Integration.Tests/FreeX.Integration.Tests.csproj" />
    <Project Path="tests/FreeX.ParityCompare.Tests/FreeX.ParityCompare.Tests.csproj" />
    <Project Path="tests/Free.Shared.Pdf.Tests/Free.Shared.Pdf.Tests.csproj" />
    <Project Path="tests/Free.Shared.Ribbon.Tests/Free.Shared.Ribbon.Tests.csproj" />
    <Project Path="tests/Free.Shared.Theme.Tests/Free.Shared.Theme.Tests.csproj" />
    <Project Path="freep/FreeP.Ribbon.Definitions.Tests/FreeP.Ribbon.Definitions.Tests.csproj" />
    <Project Path="freep/FreeP.App.Host.Tests/FreeP.App.Host.Tests.csproj" />
    <Project Path="freep/FreeP.App.Localization.Tests/FreeP.App.Localization.Tests.csproj" />
    <Project Path="freep/FreeP.App.Presentation.Tests/FreeP.App.Presentation.Tests.csproj" />
    <Project Path="freep/FreeP.App.Recording.Tests/FreeP.App.Recording.Tests.csproj" />
    <Project Path="freep/FreeP.App.Rendering.Avalonia.Tests/FreeP.App.Rendering.Avalonia.Tests.csproj" />
    <Project Path="freep/FreeP.App.Avalonia.Tests/FreeP.App.Avalonia.Tests.csproj" />
  </Folder>
</Solution>
